// !$*UTF8*$!
{
	archiveVersion = 1;
	classes = {
	};
	objectVersion = 56;
	objects = {

/* Begin PBXBuildFile section */
		8021423C2C15A0BC00BC34F8 /* Kingfisher in Frameworks */ = {isa = PBXBuildFile; productRef = 8021423B2C15A0BC00BC34F8 /* Kingfisher */; };
		8022034C2C10D3A200757C1E /* LoginView.swift in Sources */ = {isa = PBXBuildFile; fileRef = 8022034B2C10D3A200757C1E /* LoginView.swift */; };
		802203502C10D3F900757C1E /* AuthService.swift in Sources */ = {isa = PBXBuildFile; fileRef = 8022034F2C10D3F900757C1E /* AuthService.swift */; };
		802203532C10D66C00757C1E /* HomeView.swift in Sources */ = {isa = PBXBuildFile; fileRef = 802203522C10D66C00757C1E /* HomeView.swift */; };
		802203572C10D73E00757C1E /* RegisterView.swift in Sources */ = {isa = PBXBuildFile; fileRef = 802203562C10D73E00757C1E /* RegisterView.swift */; };
		8022035B2C1103D200757C1E /* CustomInputField.swift in Sources */ = {isa = PBXBuildFile; fileRef = 8022035A2C1103D200757C1E /* CustomInputField.swift */; };
		8022035E2C11054400757C1E /* Color.swift in Sources */ = {isa = PBXBuildFile; fileRef = 8022035D2C11054400757C1E /* Color.swift */; };
		802203612C1105F300757C1E /* UserService.swift in Sources */ = {isa = PBXBuildFile; fileRef = 802203602C1105F300757C1E /* UserService.swift */; };
		802203632C11065700757C1E /* User.swift in Sources */ = {isa = PBXBuildFile; fileRef = 802203622C11065700757C1E /* User.swift */; };
		80889FF92C14A85D00F73C8A /* EventService.swift in Sources */ = {isa = PBXBuildFile; fileRef = 80889FF82C14A85D00F73C8A /* EventService.swift */; };
		80889FFB2C14A8EF00F73C8A /* MyEventsView.swift in Sources */ = {isa = PBXBuildFile; fileRef = 80889FFA2C14A8EF00F73C8A /* MyEventsView.swift */; };
		80889FFD2C14A9D100F73C8A /* JoinedEventsView.swift in Sources */ = {isa = PBXBuildFile; fileRef = 80889FFC2C14A9D100F73C8A /* JoinedEventsView.swift */; };
		80889FFF2C14B33900F73C8A /* EventDetailsView.swift in Sources */ = {isa = PBXBuildFile; fileRef = 80889FFE2C14B33900F73C8A /* EventDetailsView.swift */; };
		8088A0012C14E4F600F73C8A /* EventListView.swift in Sources */ = {isa = PBXBuildFile; fileRef = 8088A0002C14E4F600F73C8A /* EventListView.swift */; };
		8088A0052C14E5BC00F73C8A /* EventsViewModel.swift in Sources */ = {isa = PBXBuildFile; fileRef = 8088A0042C14E5BC00F73C8A /* EventsViewModel.swift */; };
		8088CDD32C1903E0007F7C0D /* Launch Screen.storyboard in Resources */ = {isa = PBXBuildFile; fileRef = 8088CDD22C1903E0007F7C0D /* Launch Screen.storyboard */; };
		80A755962C11F02700095D31 /* ProfileView.swift in Sources */ = {isa = PBXBuildFile; fileRef = 80A755952C11F02700095D31 /* ProfileView.swift */; };
		80A94AC92C11FC25002C07F3 /* AddEventView.swift in Sources */ = {isa = PBXBuildFile; fileRef = 80A94AC82C11FC25002C07F3 /* AddEventView.swift */; };
		80A94ACB2C121065002C07F3 /* Event.swift in Sources */ = {isa = PBXBuildFile; fileRef = 80A94ACA2C121065002C07F3 /* Event.swift */; };
		80A94ACE2C1217E6002C07F3 /* DiscoverView.swift in Sources */ = {isa = PBXBuildFile; fileRef = 80A94ACD2C1217E5002C07F3 /* DiscoverView.swift */; };
		80E3D9E52C10A881006C66B4 /* BetterHelpApp.swift in Sources */ = {isa = PBXBuildFile; fileRef = 80E3D9E42C10A881006C66B4 /* BetterHelpApp.swift */; };
		80E3D9E72C10A881006C66B4 /* ContentView.swift in Sources */ = {isa = PBXBuildFile; fileRef = 80E3D9E62C10A881006C66B4 /* ContentView.swift */; };
		80E3D9E92C10A884006C66B4 /* Assets.xcassets in Resources */ = {isa = PBXBuildFile; fileRef = 80E3D9E82C10A884006C66B4 /* Assets.xcassets */; };
		80E3D9EC2C10A884006C66B4 /* Preview Assets.xcassets in Resources */ = {isa = PBXBuildFile; fileRef = 80E3D9EB2C10A884006C66B4 /* Preview Assets.xcassets */; };
		80E3D9F62C10A884006C66B4 /* VoluntrTests.swift in Sources */ = {isa = PBXBuildFile; fileRef = 80E3D9F52C10A884006C66B4 /* VoluntrTests.swift */; };
		80E3DA002C10A884006C66B4 /* VoluntrTests.swift in Sources */ = {isa = PBXBuildFile; fileRef = 80E3D9FF2C10A884006C66B4 /* VoluntrTests.swift */; };
		80E3DA142C10A9EC006C66B4 /* FirebaseAuth in Frameworks */ = {isa = PBXBuildFile; productRef = 80E3DA132C10A9EC006C66B4 /* FirebaseAuth */; };
		80E3DA162C10A9EC006C66B4 /* FirebaseFirestore in Frameworks */ = {isa = PBXBuildFile; productRef = 80E3DA152C10A9EC006C66B4 /* FirebaseFirestore */; };
		80E3DA182C10A9EC006C66B4 /* FirebaseStorage in Frameworks */ = {isa = PBXBuildFile; productRef = 80E3DA172C10A9EC006C66B4 /* FirebaseStorage */; };
		C8ACE6452CECA3DC0088D85C /* GoogleService-Info.plist in Resources */ = {isa = PBXBuildFile; fileRef = C8ACE6442CECA3DC0088D85C /* GoogleService-Info.plist */; };
		C8ACE6492CED0DD90088D85C /* Storage in Frameworks */ = {isa = PBXBuildFile; productRef = C8ACE6482CED0DD90088D85C /* Storage */; };
/* End PBXBuildFile section */

/* Begin PBXContainerItemProxy section */
		80E3D9F22C10A884006C66B4 /* PBXContainerItemProxy */ = {
			isa = PBXContainerItemProxy;
			containerPortal = 80E3D9D92C10A881006C66B4 /* Project object */;
			proxyType = 1;
			remoteGlobalIDString = 80E3D9E02C10A881006C66B4;
			remoteInfo = BetterHelp;
		};
		80E3D9FC2C10A884006C66B4 /* PBXContainerItemProxy */ = {
			isa = PBXContainerItemProxy;
			containerPortal = 80E3D9D92C10A881006C66B4 /* Project object */;
			proxyType = 1;
			remoteGlobalIDString = 80E3D9E02C10A881006C66B4;
			remoteInfo = BetterHelp;
		};
/* End PBXContainerItemProxy section */

/* Begin PBXFileReference section */
		8022034B2C10D3A200757C1E /* LoginView.swift */ = {isa = PBXFileReference; lastKnownFileType = sourcecode.swift; path = LoginView.swift; sourceTree = "<group>"; };
		8022034F2C10D3F900757C1E /* AuthService.swift */ = {isa = PBXFileReference; lastKnownFileType = sourcecode.swift; path = AuthService.swift; sourceTree = "<group>"; };
		802203522C10D66C00757C1E /* HomeView.swift */ = {isa = PBXFileReference; lastKnownFileType = sourcecode.swift; path = HomeView.swift; sourceTree = "<group>"; };
		802203562C10D73E00757C1E /* RegisterView.swift */ = {isa = PBXFileReference; lastKnownFileType = sourcecode.swift; path = RegisterView.swift; sourceTree = "<group>"; };
		8022035A2C1103D200757C1E /* CustomInputField.swift */ = {isa = PBXFileReference; lastKnownFileType = sourcecode.swift; path = CustomInputField.swift; sourceTree = "<group>"; };
		8022035D2C11054400757C1E /* Color.swift */ = {isa = PBXFileReference; lastKnownFileType = sourcecode.swift; path = Color.swift; sourceTree = "<group>"; };
		802203602C1105F300757C1E /* UserService.swift */ = {isa = PBXFileReference; lastKnownFileType = sourcecode.swift; path = UserService.swift; sourceTree = "<group>"; };
		802203622C11065700757C1E /* User.swift */ = {isa = PBXFileReference; lastKnownFileType = sourcecode.swift; path = User.swift; sourceTree = "<group>"; };
		80889FF82C14A85D00F73C8A /* EventService.swift */ = {isa = PBXFileReference; lastKnownFileType = sourcecode.swift; path = EventService.swift; sourceTree = "<group>"; };
		80889FFA2C14A8EF00F73C8A /* MyEventsView.swift */ = {isa = PBXFileReference; lastKnownFileType = sourcecode.swift; path = MyEventsView.swift; sourceTree = "<group>"; };
		80889FFC2C14A9D100F73C8A /* JoinedEventsView.swift */ = {isa = PBXFileReference; lastKnownFileType = sourcecode.swift; path = JoinedEventsView.swift; sourceTree = "<group>"; };
		80889FFE2C14B33900F73C8A /* EventDetailsView.swift */ = {isa = PBXFileReference; lastKnownFileType = sourcecode.swift; path = EventDetailsView.swift; sourceTree = "<group>"; };
		8088A0002C14E4F600F73C8A /* EventListView.swift */ = {isa = PBXFileReference; lastKnownFileType = sourcecode.swift; path = EventListView.swift; sourceTree = "<group>"; };
		8088A0042C14E5BC00F73C8A /* EventsViewModel.swift */ = {isa = PBXFileReference; lastKnownFileType = sourcecode.swift; path = EventsViewModel.swift; sourceTree = "<group>"; };
		8088CDD22C1903E0007F7C0D /* Launch Screen.storyboard */ = {isa = PBXFileReference; lastKnownFileType = file.storyboard; path = "Launch Screen.storyboard"; sourceTree = "<group>"; };
		80A755952C11F02700095D31 /* ProfileView.swift */ = {isa = PBXFileReference; lastKnownFileType = sourcecode.swift; path = ProfileView.swift; sourceTree = "<group>"; };
		80A94AC82C11FC25002C07F3 /* AddEventView.swift */ = {isa = PBXFileReference; lastKnownFileType = sourcecode.swift; path = AddEventView.swift; sourceTree = "<group>"; };
		80A94ACA2C121065002C07F3 /* Event.swift */ = {isa = PBXFileReference; lastKnownFileType = sourcecode.swift; path = Event.swift; sourceTree = "<group>"; };
		80A94ACD2C1217E5002C07F3 /* DiscoverView.swift */ = {isa = PBXFileReference; lastKnownFileType = sourcecode.swift; path = DiscoverView.swift; sourceTree = "<group>"; };
		80A94ACF2C122068002C07F3 /* Info.plist */ = {isa = PBXFileReference; lastKnownFileType = text.plist; path = Info.plist; sourceTree = "<group>"; };
		80E3D9E12C10A881006C66B4 /* Voluntr.app */ = {isa = PBXFileReference; explicitFileType = wrapper.application; includeInIndex = 0; path = Voluntr.app; sourceTree = BUILT_PRODUCTS_DIR; };
		80E3D9E42C10A881006C66B4 /* BetterHelpApp.swift */ = {isa = PBXFileReference; lastKnownFileType = sourcecode.swift; path = BetterHelpApp.swift; sourceTree = "<group>"; };
		80E3D9E62C10A881006C66B4 /* ContentView.swift */ = {isa = PBXFileReference; lastKnownFileType = sourcecode.swift; path = ContentView.swift; sourceTree = "<group>"; };
		80E3D9E82C10A884006C66B4 /* Assets.xcassets */ = {isa = PBXFileReference; lastKnownFileType = folder.assetcatalog; path = Assets.xcassets; sourceTree = "<group>"; };
		80E3D9EB2C10A884006C66B4 /* Preview Assets.xcassets */ = {isa = PBXFileReference; lastKnownFileType = folder.assetcatalog; path = "Preview Assets.xcassets"; sourceTree = "<group>"; };
		80E3D9F12C10A884006C66B4 /* VoluntrTests.xctest */ = {isa = PBXFileReference; explicitFileType = wrapper.cfbundle; includeInIndex = 0; path = VoluntrTests.xctest; sourceTree = BUILT_PRODUCTS_DIR; };
		80E3D9F52C10A884006C66B4 /* VoluntrTests.swift */ = {isa = PBXFileReference; lastKnownFileType = sourcecode.swift; path = VoluntrTests.swift; sourceTree = "<group>"; };
		80E3D9FB2C10A884006C66B4 /* VoluntrUITests.xctest */ = {isa = PBXFileReference; explicitFileType = wrapper.cfbundle; includeInIndex = 0; path = VoluntrUITests.xctest; sourceTree = BUILT_PRODUCTS_DIR; };
		80E3D9FF2C10A884006C66B4 /* VoluntrTests.swift */ = {isa = PBXFileReference; lastKnownFileType = sourcecode.swift; path = VoluntrTests.swift; sourceTree = "<group>"; };
		C8ACE6442CECA3DC0088D85C /* GoogleService-Info.plist */ = {isa = PBXFileReference; lastKnownFileType = text.plist.xml; path = "GoogleService-Info.plist"; sourceTree = "<group>"; };
/* End PBXFileReference section */

/* Begin PBXFrameworksBuildPhase section */
		80E3D9DE2C10A881006C66B4 /* Frameworks */ = {
			isa = PBXFrameworksBuildPhase;
			buildActionMask = 2147483647;
			files = (
				8021423C2C15A0BC00BC34F8 /* Kingfisher in Frameworks */,
				80E3DA142C10A9EC006C66B4 /* FirebaseAuth in Frameworks */,
				80E3DA162C10A9EC006C66B4 /* FirebaseFirestore in Frameworks */,
				C8ACE6492CED0DD90088D85C /* Storage in Frameworks */,
				80E3DA182C10A9EC006C66B4 /* FirebaseStorage in Frameworks */,
			);
			runOnlyForDeploymentPostprocessing = 0;
		};
		80E3D9EE2C10A884006C66B4 /* Frameworks */ = {
			isa = PBXFrameworksBuildPhase;
			buildActionMask = 2147483647;
			files = (
			);
			runOnlyForDeploymentPostprocessing = 0;
		};
		80E3D9F82C10A884006C66B4 /* Frameworks */ = {
			isa = PBXFrameworksBuildPhase;
			buildActionMask = 2147483647;
			files = (
			);
			runOnlyForDeploymentPostprocessing = 0;
		};
/* End PBXFrameworksBuildPhase section */

/* Begin PBXGroup section */
		802203542C10D70E00757C1E /* Views */ = {
			isa = PBXGroup;
			children = (
				8088A0022C14E51700F73C8A /* EventList */,
				80A94ACC2C1217CE002C07F3 /* Discover */,
				802203652C11087900757C1E /* Components */,
				802203552C10D71E00757C1E /* Auth */,
				802203522C10D66C00757C1E /* HomeView.swift */,
				80A755972C11F1D100095D31 /* Profile */,
			);
			path = Views;
			sourceTree = "<group>";
		};
		802203552C10D71E00757C1E /* Auth */ = {
			isa = PBXGroup;
			children = (
				8022034B2C10D3A200757C1E /* LoginView.swift */,
				802203562C10D73E00757C1E /* RegisterView.swift */,
			);
			path = Auth;
			sourceTree = "<group>";
		};
		8022035C2C11053300757C1E /* Extensions */ = {
			isa = PBXGroup;
			children = (
				8022035D2C11054400757C1E /* Color.swift */,
			);
			path = Extensions;
			sourceTree = "<group>";
		};
		8022035F2C1105E500757C1E /* Service */ = {
			isa = PBXGroup;
			children = (
				8022034F2C10D3F900757C1E /* AuthService.swift */,
				802203602C1105F300757C1E /* UserService.swift */,
				80889FF82C14A85D00F73C8A /* EventService.swift */,
			);
			path = Service;
			sourceTree = "<group>";
		};
		802203642C11066000757C1E /* Models */ = {
			isa = PBXGroup;
			children = (
				802203622C11065700757C1E /* User.swift */,
				80A94ACA2C121065002C07F3 /* Event.swift */,
			);
			path = Models;
			sourceTree = "<group>";
		};
		802203652C11087900757C1E /* Components */ = {
			isa = PBXGroup;
			children = (
				8022035A2C1103D200757C1E /* CustomInputField.swift */,
			);
			path = Components;
			sourceTree = "<group>";
		};
		8088A0022C14E51700F73C8A /* EventList */ = {
			isa = PBXGroup;
			children = (
				8088A0032C14E5AA00F73C8A /* ViewModel */,
				80889FFE2C14B33900F73C8A /* EventDetailsView.swift */,
				8088A0002C14E4F600F73C8A /* EventListView.swift */,
			);
			path = EventList;
			sourceTree = "<group>";
		};
		8088A0032C14E5AA00F73C8A /* ViewModel */ = {
			isa = PBXGroup;
			children = (
				8088A0042C14E5BC00F73C8A /* EventsViewModel.swift */,
			);
			path = ViewModel;
			sourceTree = "<group>";
		};
		8088A0062C14E95300F73C8A /* MyEvents */ = {
			isa = PBXGroup;
			children = (
				80A94AC82C11FC25002C07F3 /* AddEventView.swift */,
				80889FFA2C14A8EF00F73C8A /* MyEventsView.swift */,
			);
			path = MyEvents;
			sourceTree = "<group>";
		};
		80A755972C11F1D100095D31 /* Profile */ = {
			isa = PBXGroup;
			children = (
				80A755952C11F02700095D31 /* ProfileView.swift */,
				8088A0062C14E95300F73C8A /* MyEvents */,
				80889FFC2C14A9D100F73C8A /* JoinedEventsView.swift */,
			);
			path = Profile;
			sourceTree = "<group>";
		};
		80A94ACC2C1217CE002C07F3 /* Discover */ = {
			isa = PBXGroup;
			children = (
				80A94ACD2C1217E5002C07F3 /* DiscoverView.swift */,
			);
			path = Discover;
			sourceTree = "<group>";
		};
		80E3D9D82C10A881006C66B4 = {
			isa = PBXGroup;
			children = (
				80E3D9E32C10A881006C66B4 /* Voluntr */,
				80E3D9F42C10A884006C66B4 /* VoluntrHelpTests */,
				80E3D9FE2C10A884006C66B4 /* VoluntrTests */,
				80E3D9E22C10A881006C66B4 /* Products */,
			);
			sourceTree = "<group>";
		};
		80E3D9E22C10A881006C66B4 /* Products */ = {
			isa = PBXGroup;
			children = (
				80E3D9E12C10A881006C66B4 /* Voluntr.app */,
				80E3D9F12C10A884006C66B4 /* VoluntrTests.xctest */,
				80E3D9FB2C10A884006C66B4 /* VoluntrUITests.xctest */,
			);
			name = Products;
			sourceTree = "<group>";
		};
		80E3D9E32C10A881006C66B4 /* Voluntr */ = {
			isa = PBXGroup;
			children = (
				80A94ACF2C122068002C07F3 /* Info.plist */,
				802203642C11066000757C1E /* Models */,
				80E3D9EA2C10A884006C66B4 /* Preview Content */,
				8022035F2C1105E500757C1E /* Service */,
				8022035C2C11053300757C1E /* Extensions */,
				802203542C10D70E00757C1E /* Views */,
				80E3D9E42C10A881006C66B4 /* BetterHelpApp.swift */,
				80E3D9E62C10A881006C66B4 /* ContentView.swift */,
				80E3D9E82C10A884006C66B4 /* Assets.xcassets */,
				8088CDD22C1903E0007F7C0D /* Launch Screen.storyboard */,
				C8ACE6442CECA3DC0088D85C /* GoogleService-Info.plist */,
			);
			path = Voluntr;
			sourceTree = "<group>";
		};
		80E3D9EA2C10A884006C66B4 /* Preview Content */ = {
			isa = PBXGroup;
			children = (
				80E3D9EB2C10A884006C66B4 /* Preview Assets.xcassets */,
			);
			path = "Preview Content";
			sourceTree = "<group>";
		};
		80E3D9F42C10A884006C66B4 /* VoluntrHelpTests */ = {
			isa = PBXGroup;
			children = (
				80E3D9F52C10A884006C66B4 /* VoluntrTests.swift */,
			);
			path = VoluntrHelpTests;
			sourceTree = "<group>";
		};
		80E3D9FE2C10A884006C66B4 /* VoluntrTests */ = {
			isa = PBXGroup;
			children = (
				80E3D9FF2C10A884006C66B4 /* VoluntrTests.swift */,
			);
			path = VoluntrTests;
			sourceTree = "<group>";
		};
/* End PBXGroup section */

/* Begin PBXNativeTarget section */
		80E3D9E02C10A881006C66B4 /* Voluntr */ = {
			isa = PBXNativeTarget;
			buildConfigurationList = 80E3DA052C10A884006C66B4 /* Build configuration list for PBXNativeTarget "Voluntr" */;
			buildPhases = (
				80E3D9DD2C10A881006C66B4 /* Sources */,
				80E3D9DE2C10A881006C66B4 /* Frameworks */,
				80E3D9DF2C10A881006C66B4 /* Resources */,
			);
			buildRules = (
			);
			dependencies = (
			);
			name = Voluntr;
			packageProductDependencies = (
				80E3DA132C10A9EC006C66B4 /* FirebaseAuth */,
				80E3DA152C10A9EC006C66B4 /* FirebaseFirestore */,
				80E3DA172C10A9EC006C66B4 /* FirebaseStorage */,
				8021423B2C15A0BC00BC34F8 /* Kingfisher */,
				C8ACE6482CED0DD90088D85C /* Storage */,
			);
			productName = BetterHelp;
			productReference = 80E3D9E12C10A881006C66B4 /* Voluntr.app */;
			productType = "com.apple.product-type.application";
		};
		80E3D9F02C10A884006C66B4 /* VoluntrTests */ = {
			isa = PBXNativeTarget;
			buildConfigurationList = 80E3DA082C10A884006C66B4 /* Build configuration list for PBXNativeTarget "VoluntrTests" */;
			buildPhases = (
				80E3D9ED2C10A884006C66B4 /* Sources */,
				80E3D9EE2C10A884006C66B4 /* Frameworks */,
				80E3D9EF2C10A884006C66B4 /* Resources */,
			);
			buildRules = (
			);
			dependencies = (
				80E3D9F32C10A884006C66B4 /* PBXTargetDependency */,
			);
			name = VoluntrTests;
			productName = BetterHelpTests;
			productReference = 80E3D9F12C10A884006C66B4 /* VoluntrTests.xctest */;
			productType = "com.apple.product-type.bundle.unit-test";
		};
		80E3D9FA2C10A884006C66B4 /* VoluntrUITests */ = {
			isa = PBXNativeTarget;
			buildConfigurationList = 80E3DA0B2C10A884006C66B4 /* Build configuration list for PBXNativeTarget "VoluntrUITests" */;
			buildPhases = (
				80E3D9F72C10A884006C66B4 /* Sources */,
				80E3D9F82C10A884006C66B4 /* Frameworks */,
				80E3D9F92C10A884006C66B4 /* Resources */,
			);
			buildRules = (
			);
			dependencies = (
				80E3D9FD2C10A884006C66B4 /* PBXTargetDependency */,
			);
			name = VoluntrUITests;
			productName = BetterHelpUITests;
			productReference = 80E3D9FB2C10A884006C66B4 /* VoluntrUITests.xctest */;
			productType = "com.apple.product-type.bundle.ui-testing";
		};
/* End PBXNativeTarget section */

/* Begin PBXProject section */
		80E3D9D92C10A881006C66B4 /* Project object */ = {
			isa = PBXProject;
			attributes = {
				BuildIndependentTargetsInParallel = 1;
				LastSwiftUpdateCheck = 1530;
				LastUpgradeCheck = 1530;
				TargetAttributes = {
					80E3D9E02C10A881006C66B4 = {
						CreatedOnToolsVersion = 15.3;
					};
					80E3D9F02C10A884006C66B4 = {
						CreatedOnToolsVersion = 15.3;
						TestTargetID = 80E3D9E02C10A881006C66B4;
					};
					80E3D9FA2C10A884006C66B4 = {
						CreatedOnToolsVersion = 15.3;
						TestTargetID = 80E3D9E02C10A881006C66B4;
					};
				};
			};
			buildConfigurationList = 80E3D9DC2C10A881006C66B4 /* Build configuration list for PBXProject "Voluntr" */;
			compatibilityVersion = "Xcode 14.0";
			developmentRegion = en;
			hasScannedForEncodings = 0;
			knownRegions = (
				en,
				Base,
			);
			mainGroup = 80E3D9D82C10A881006C66B4;
			packageReferences = (
				80E3DA122C10A9EC006C66B4 /* XCRemoteSwiftPackageReference "firebase-ios-sdk" */,
				8021423A2C15A0BC00BC34F8 /* XCRemoteSwiftPackageReference "Kingfisher" */,
				C8ACE6462CECA4380088D85C /* XCRemoteSwiftPackageReference "swift-algorithms" */,
				C8ACE6472CED0DD90088D85C /* XCRemoteSwiftPackageReference "supabase-swift" */,
			);
			productRefGroup = 80E3D9E22C10A881006C66B4 /* Products */;
			projectDirPath = "";
			projectRoot = "";
			targets = (
				80E3D9E02C10A881006C66B4 /* Voluntr */,
				80E3D9F02C10A884006C66B4 /* VoluntrTests */,
				80E3D9FA2C10A884006C66B4 /* VoluntrUITests */,
			);
		};
/* End PBXProject section */

/* Begin PBXResourcesBuildPhase section */
		80E3D9DF2C10A881006C66B4 /* Resources */ = {
			isa = PBXResourcesBuildPhase;
			buildActionMask = 2147483647;
			files = (
				80E3D9EC2C10A884006C66B4 /* Preview Assets.xcassets in Resources */,
				C8ACE6452CECA3DC0088D85C /* GoogleService-Info.plist in Resources */,
				80E3D9E92C10A884006C66B4 /* Assets.xcassets in Resources */,
				8088CDD32C1903E0007F7C0D /* Launch Screen.storyboard in Resources */,
			);
			runOnlyForDeploymentPostprocessing = 0;
		};
		80E3D9EF2C10A884006C66B4 /* Resources */ = {
			isa = PBXResourcesBuildPhase;
			buildActionMask = 2147483647;
			files = (
			);
			runOnlyForDeploymentPostprocessing = 0;
		};
		80E3D9F92C10A884006C66B4 /* Resources */ = {
			isa = PBXResourcesBuildPhase;
			buildActionMask = 2147483647;
			files = (
			);
			runOnlyForDeploymentPostprocessing = 0;
		};
/* End PBXResourcesBuildPhase section */

/* Begin PBXSourcesBuildPhase section */
		80E3D9DD2C10A881006C66B4 /* Sources */ = {
			isa = PBXSourcesBuildPhase;
			buildActionMask = 2147483647;
			files = (
				80A94ACB2C121065002C07F3 /* Event.swift in Sources */,
				80A94AC92C11FC25002C07F3 /* AddEventView.swift in Sources */,
				8022035B2C1103D200757C1E /* CustomInputField.swift in Sources */,
				80889FF92C14A85D00F73C8A /* EventService.swift in Sources */,
				80889FFF2C14B33900F73C8A /* EventDetailsView.swift in Sources */,
				8088A0052C14E5BC00F73C8A /* EventsViewModel.swift in Sources */,
				80889FFB2C14A8EF00F73C8A /* MyEventsView.swift in Sources */,
				8022034C2C10D3A200757C1E /* LoginView.swift in Sources */,
				80E3D9E72C10A881006C66B4 /* ContentView.swift in Sources */,
				8088A0012C14E4F600F73C8A /* EventListView.swift in Sources */,
				80E3D9E52C10A881006C66B4 /* BetterHelpApp.swift in Sources */,
				802203532C10D66C00757C1E /* HomeView.swift in Sources */,
				802203572C10D73E00757C1E /* RegisterView.swift in Sources */,
				802203612C1105F300757C1E /* UserService.swift in Sources */,
				802203502C10D3F900757C1E /* AuthService.swift in Sources */,
				80889FFD2C14A9D100F73C8A /* JoinedEventsView.swift in Sources */,
				8022035E2C11054400757C1E /* Color.swift in Sources */,
				80A94ACE2C1217E6002C07F3 /* DiscoverView.swift in Sources */,
				80A755962C11F02700095D31 /* ProfileView.swift in Sources */,
				802203632C11065700757C1E /* User.swift in Sources */,
			);
			runOnlyForDeploymentPostprocessing = 0;
		};
		80E3D9ED2C10A884006C66B4 /* Sources */ = {
			isa = PBXSourcesBuildPhase;
			buildActionMask = 2147483647;
			files = (
				80E3D9F62C10A884006C66B4 /* VoluntrTests.swift in Sources */,
			);
			runOnlyForDeploymentPostprocessing = 0;
		};
		80E3D9F72C10A884006C66B4 /* Sources */ = {
			isa = PBXSourcesBuildPhase;
			buildActionMask = 2147483647;
			files = (
				80E3DA002C10A884006C66B4 /* VoluntrTests.swift in Sources */,
			);
			runOnlyForDeploymentPostprocessing = 0;
		};
/* End PBXSourcesBuildPhase section */

/* Begin PBXTargetDependency section */
		80E3D9F32C10A884006C66B4 /* PBXTargetDependency */ = {
			isa = PBXTargetDependency;
			target = 80E3D9E02C10A881006C66B4 /* Voluntr */;
			targetProxy = 80E3D9F22C10A884006C66B4 /* PBXContainerItemProxy */;
		};
		80E3D9FD2C10A884006C66B4 /* PBXTargetDependency */ = {
			isa = PBXTargetDependency;
			target = 80E3D9E02C10A881006C66B4 /* Voluntr */;
			targetProxy = 80E3D9FC2C10A884006C66B4 /* PBXContainerItemProxy */;
		};
/* End PBXTargetDependency section */

/* Begin XCBuildConfiguration section */
		80E3DA032C10A884006C66B4 /* Debug */ = {
			isa = XCBuildConfiguration;
			buildSettings = {
				ALWAYS_SEARCH_USER_PATHS = NO;
				ASSETCATALOG_COMPILER_GENERATE_SWIFT_ASSET_SYMBOL_EXTENSIONS = YES;
				CLANG_ANALYZER_NONNULL = YES;
				CLANG_ANALYZER_NUMBER_OBJECT_CONVERSION = YES_AGGRESSIVE;
				CLANG_CXX_LANGUAGE_STANDARD = "gnu++20";
				CLANG_ENABLE_MODULES = YES;
				CLANG_ENABLE_OBJC_ARC = YES;
				CLANG_ENABLE_OBJC_WEAK = YES;
				CLANG_WARN_BLOCK_CAPTURE_AUTORELEASING = YES;
				CLANG_WARN_BOOL_CONVERSION = YES;
				CLANG_WARN_COMMA = YES;
				CLANG_WARN_CONSTANT_CONVERSION = YES;
				CLANG_WARN_DEPRECATED_OBJC_IMPLEMENTATIONS = YES;
				CLANG_WARN_DIRECT_OBJC_ISA_USAGE = YES_ERROR;
				CLANG_WARN_DOCUMENTATION_COMMENTS = YES;
				CLANG_WARN_EMPTY_BODY = YES;
				CLANG_WARN_ENUM_CONVERSION = YES;
				CLANG_WARN_INFINITE_RECURSION = YES;
				CLANG_WARN_INT_CONVERSION = YES;
				CLANG_WARN_NON_LITERAL_NULL_CONVERSION = YES;
				CLANG_WARN_OBJC_IMPLICIT_RETAIN_SELF = YES;
				CLANG_WARN_OBJC_LITERAL_CONVERSION = YES;
				CLANG_WARN_OBJC_ROOT_CLASS = YES_ERROR;
				CLANG_WARN_QUOTED_INCLUDE_IN_FRAMEWORK_HEADER = YES;
				CLANG_WARN_RANGE_LOOP_ANALYSIS = YES;
				CLANG_WARN_STRICT_PROTOTYPES = YES;
				CLANG_WARN_SUSPICIOUS_MOVE = YES;
				CLANG_WARN_UNGUARDED_AVAILABILITY = YES_AGGRESSIVE;
				CLANG_WARN_UNREACHABLE_CODE = YES;
				CLANG_WARN__DUPLICATE_METHOD_MATCH = YES;
				COPY_PHASE_STRIP = NO;
				DEBUG_INFORMATION_FORMAT = dwarf;
				ENABLE_STRICT_OBJC_MSGSEND = YES;
				ENABLE_TESTABILITY = YES;
				ENABLE_USER_SCRIPT_SANDBOXING = YES;
				GCC_C_LANGUAGE_STANDARD = gnu17;
				GCC_DYNAMIC_NO_PIC = NO;
				GCC_NO_COMMON_BLOCKS = YES;
				GCC_OPTIMIZATION_LEVEL = 0;
				GCC_PREPROCESSOR_DEFINITIONS = (
					"DEBUG=1",
					"$(inherited)",
				);
				GCC_WARN_64_TO_32_BIT_CONVERSION = YES;
				GCC_WARN_ABOUT_RETURN_TYPE = YES_ERROR;
				GCC_WARN_UNDECLARED_SELECTOR = YES;
				GCC_WARN_UNINITIALIZED_AUTOS = YES_AGGRESSIVE;
				GCC_WARN_UNUSED_FUNCTION = YES;
				GCC_WARN_UNUSED_VARIABLE = YES;
				IPHONEOS_DEPLOYMENT_TARGET = 17.4;
				LOCALIZATION_PREFERS_STRING_CATALOGS = YES;
				MTL_ENABLE_DEBUG_INFO = INCLUDE_SOURCE;
				MTL_FAST_MATH = YES;
				ONLY_ACTIVE_ARCH = YES;
				SDKROOT = iphoneos;
				SWIFT_ACTIVE_COMPILATION_CONDITIONS = "DEBUG $(inherited)";
				SWIFT_OPTIMIZATION_LEVEL = "-Onone";
			};
			name = Debug;
		};
		80E3DA042C10A884006C66B4 /* Release */ = {
			isa = XCBuildConfiguration;
			buildSettings = {
				ALWAYS_SEARCH_USER_PATHS = NO;
				ASSETCATALOG_COMPILER_GENERATE_SWIFT_ASSET_SYMBOL_EXTENSIONS = YES;
				CLANG_ANALYZER_NONNULL = YES;
				CLANG_ANALYZER_NUMBER_OBJECT_CONVERSION = YES_AGGRESSIVE;
				CLANG_CXX_LANGUAGE_STANDARD = "gnu++20";
				CLANG_ENABLE_MODULES = YES;
				CLANG_ENABLE_OBJC_ARC = YES;
				CLANG_ENABLE_OBJC_WEAK = YES;
				CLANG_WARN_BLOCK_CAPTURE_AUTORELEASING = YES;
				CLANG_WARN_BOOL_CONVERSION = YES;
				CLANG_WARN_COMMA = YES;
				CLANG_WARN_CONSTANT_CONVERSION = YES;
				CLANG_WARN_DEPRECATED_OBJC_IMPLEMENTATIONS = YES;
				CLANG_WARN_DIRECT_OBJC_ISA_USAGE = YES_ERROR;
				CLANG_WARN_DOCUMENTATION_COMMENTS = YES;
				CLANG_WARN_EMPTY_BODY = YES;
				CLANG_WARN_ENUM_CONVERSION = YES;
				CLANG_WARN_INFINITE_RECURSION = YES;
				CLANG_WARN_INT_CONVERSION = YES;
				CLANG_WARN_NON_LITERAL_NULL_CONVERSION = YES;
				CLANG_WARN_OBJC_IMPLICIT_RETAIN_SELF = YES;
				CLANG_WARN_OBJC_LITERAL_CONVERSION = YES;
				CLANG_WARN_OBJC_ROOT_CLASS = YES_ERROR;
				CLANG_WARN_QUOTED_INCLUDE_IN_FRAMEWORK_HEADER = YES;
				CLANG_WARN_RANGE_LOOP_ANALYSIS = YES;
				CLANG_WARN_STRICT_PROTOTYPES = YES;
				CLANG_WARN_SUSPICIOUS_MOVE = YES;
				CLANG_WARN_UNGUARDED_AVAILABILITY = YES_AGGRESSIVE;
				CLANG_WARN_UNREACHABLE_CODE = YES;
				CLANG_WARN__DUPLICATE_METHOD_MATCH = YES;
				COPY_PHASE_STRIP = NO;
				DEBUG_INFORMATION_FORMAT = "dwarf-with-dsym";
				ENABLE_NS_ASSERTIONS = NO;
				ENABLE_STRICT_OBJC_MSGSEND = YES;
				ENABLE_USER_SCRIPT_SANDBOXING = YES;
				GCC_C_LANGUAGE_STANDARD = gnu17;
				GCC_NO_COMMON_BLOCKS = YES;
				GCC_WARN_64_TO_32_BIT_CONVERSION = YES;
				GCC_WARN_ABOUT_RETURN_TYPE = YES_ERROR;
				GCC_WARN_UNDECLARED_SELECTOR = YES;
				GCC_WARN_UNINITIALIZED_AUTOS = YES_AGGRESSIVE;
				GCC_WARN_UNUSED_FUNCTION = YES;
				GCC_WARN_UNUSED_VARIABLE = YES;
				IPHONEOS_DEPLOYMENT_TARGET = 17.4;
				LOCALIZATION_PREFERS_STRING_CATALOGS = YES;
				MTL_ENABLE_DEBUG_INFO = NO;
				MTL_FAST_MATH = YES;
				SDKROOT = iphoneos;
				SWIFT_COMPILATION_MODE = wholemodule;
				VALIDATE_PRODUCT = YES;
			};
			name = Release;
		};
		80E3DA062C10A884006C66B4 /* Debug */ = {
			isa = XCBuildConfiguration;
			buildSettings = {
				ASSETCATALOG_COMPILER_APPICON_NAME = AppIcon;
				ASSETCATALOG_COMPILER_GLOBAL_ACCENT_COLOR_NAME = AccentColor;
				CODE_SIGN_STYLE = Automatic;
				CURRENT_PROJECT_VERSION = 1;
				DEVELOPMENT_ASSET_PATHS = "\"Voluntr/Preview Content\"";
				DEVELOPMENT_TEAM = M3XRA2JHPB;
				ENABLE_PREVIEWS = YES;
				GENERATE_INFOPLIST_FILE = YES;
				INFOPLIST_FILE = BetterHelp/Info.plist;
				INFOPLIST_KEY_NSLocationWhenInUseUsageDescription = "Location Required";
				INFOPLIST_KEY_UIApplicationSceneManifest_Generation = YES;
				INFOPLIST_KEY_UIApplicationSupportsIndirectInputEvents = YES;
				INFOPLIST_KEY_UILaunchStoryboardName = "Launch Screen.storyboard";
				INFOPLIST_KEY_UISupportedInterfaceOrientations_iPad = "UIInterfaceOrientationPortrait UIInterfaceOrientationPortraitUpsideDown UIInterfaceOrientationLandscapeLeft UIInterfaceOrientationLandscapeRight";
				INFOPLIST_KEY_UISupportedInterfaceOrientations_iPhone = "UIInterfaceOrientationPortrait UIInterfaceOrientationLandscapeLeft UIInterfaceOrientationLandscapeRight";
				LD_RUNPATH_SEARCH_PATHS = (
					"$(inherited)",
					"@executable_path/Frameworks",
				);
				MARKETING_VERSION = 1.0;
				PRODUCT_BUNDLE_IDENTIFIER = io.sliitAssignment.BetterHelp;
				PRODUCT_NAME = "$(TARGET_NAME)";
				SWIFT_EMIT_LOC_STRINGS = YES;
				SWIFT_VERSION = 5.0;
				TARGETED_DEVICE_FAMILY = "1,2";
			};
			name = Debug;
		};
		80E3DA072C10A884006C66B4 /* Release */ = {
			isa = XCBuildConfiguration;
			buildSettings = {
				ASSETCATALOG_COMPILER_APPICON_NAME = AppIcon;
				ASSETCATALOG_COMPILER_GLOBAL_ACCENT_COLOR_NAME = AccentColor;
				CODE_SIGN_STYLE = Automatic;
				CURRENT_PROJECT_VERSION = 1;
				DEVELOPMENT_ASSET_PATHS = "\"Voluntr/Preview Content\"";
				DEVELOPMENT_TEAM = M3XRA2JHPB;
				ENABLE_PREVIEWS = YES;
				GENERATE_INFOPLIST_FILE = YES;
				INFOPLIST_FILE = BetterHelp/Info.plist;
				INFOPLIST_KEY_NSLocationWhenInUseUsageDescription = "Location Required";
				INFOPLIST_KEY_UIApplicationSceneManifest_Generation = YES;
				INFOPLIST_KEY_UIApplicationSupportsIndirectInputEvents = YES;
				INFOPLIST_KEY_UILaunchStoryboardName = "Launch Screen.storyboard";
				INFOPLIST_KEY_UISupportedInterfaceOrientations_iPad = "UIInterfaceOrientationPortrait UIInterfaceOrientationPortraitUpsideDown UIInterfaceOrientationLandscapeLeft UIInterfaceOrientationLandscapeRight";
				INFOPLIST_KEY_UISupportedInterfaceOrientations_iPhone = "UIInterfaceOrientationPortrait UIInterfaceOrientationLandscapeLeft UIInterfaceOrientationLandscapeRight";
				LD_RUNPATH_SEARCH_PATHS = (
					"$(inherited)",
					"@executable_path/Frameworks",
				);
				MARKETING_VERSION = 1.0;
				PRODUCT_BUNDLE_IDENTIFIER = io.sliitAssignment.BetterHelp;
				PRODUCT_NAME = "$(TARGET_NAME)";
				SWIFT_EMIT_LOC_STRINGS = YES;
				SWIFT_VERSION = 5.0;
				TARGETED_DEVICE_FAMILY = "1,2";
			};
			name = Release;
		};
		80E3DA092C10A884006C66B4 /* Debug */ = {
			isa = XCBuildConfiguration;
			buildSettings = {
				ALWAYS_EMBED_SWIFT_STANDARD_LIBRARIES = YES;
				BUNDLE_LOADER = "$(TEST_HOST)";
				CODE_SIGN_STYLE = Automatic;
				CURRENT_PROJECT_VERSION = 1;
				GENERATE_INFOPLIST_FILE = YES;
				IPHONEOS_DEPLOYMENT_TARGET = 17.4;
				MARKETING_VERSION = 1.0;
				PRODUCT_BUNDLE_IDENTIFIER = io.sliitAssignment.BetterHelpTests;
				PRODUCT_NAME = "$(TARGET_NAME)";
				SWIFT_EMIT_LOC_STRINGS = NO;
				SWIFT_VERSION = 5.0;
				TARGETED_DEVICE_FAMILY = "1,2";
				TEST_HOST = "$(BUILT_PRODUCTS_DIR)/Voluntr.app/$(BUNDLE_EXECUTABLE_FOLDER_PATH)/Voluntr";
			};
			name = Debug;
		};
		80E3DA0A2C10A884006C66B4 /* Release */ = {
			isa = XCBuildConfiguration;
			buildSettings = {
				ALWAYS_EMBED_SWIFT_STANDARD_LIBRARIES = YES;
				BUNDLE_LOADER = "$(TEST_HOST)";
				CODE_SIGN_STYLE = Automatic;
				CURRENT_PROJECT_VERSION = 1;
				GENERATE_INFOPLIST_FILE = YES;
				IPHONEOS_DEPLOYMENT_TARGET = 17.4;
				MARKETING_VERSION = 1.0;
				PRODUCT_BUNDLE_IDENTIFIER = io.sliitAssignment.BetterHelpTests;
				PRODUCT_NAME = "$(TARGET_NAME)";
				SWIFT_EMIT_LOC_STRINGS = NO;
				SWIFT_VERSION = 5.0;
				TARGETED_DEVICE_FAMILY = "1,2";
				TEST_HOST = "$(BUILT_PRODUCTS_DIR)/Voluntr.app/$(BUNDLE_EXECUTABLE_FOLDER_PATH)/Voluntr";
			};
			name = Release;
		};
		80E3DA0C2C10A884006C66B4 /* Debug */ = {
			isa = XCBuildConfiguration;
			buildSettings = {
				ALWAYS_EMBED_SWIFT_STANDARD_LIBRARIES = YES;
				CODE_SIGN_STYLE = Automatic;
				CURRENT_PROJECT_VERSION = 1;
				GENERATE_INFOPLIST_FILE = YES;
				MARKETING_VERSION = 1.0;
				PRODUCT_BUNDLE_IDENTIFIER = io.sliitAssignment.BetterHelpUITests;
				PRODUCT_NAME = "$(TARGET_NAME)";
				SWIFT_EMIT_LOC_STRINGS = NO;
				SWIFT_VERSION = 5.0;
				TARGETED_DEVICE_FAMILY = "1,2";
				TEST_TARGET_NAME = BetterHelp;
			};
			name = Debug;
		};
		80E3DA0D2C10A884006C66B4 /* Release */ = {
			isa = XCBuildConfiguration;
			buildSettings = {
				ALWAYS_EMBED_SWIFT_STANDARD_LIBRARIES = YES;
				CODE_SIGN_STYLE = Automatic;
				CURRENT_PROJECT_VERSION = 1;
				GENERATE_INFOPLIST_FILE = YES;
				MARKETING_VERSION = 1.0;
				PRODUCT_BUNDLE_IDENTIFIER = io.sliitAssignment.BetterHelpUITests;
				PRODUCT_NAME = "$(TARGET_NAME)";
				SWIFT_EMIT_LOC_STRINGS = NO;
				SWIFT_VERSION = 5.0;
				TARGETED_DEVICE_FAMILY = "1,2";
				TEST_TARGET_NAME = BetterHelp;
			};
			name = Release;
		};
/* End XCBuildConfiguration section */

/* Begin XCConfigurationList section */
		80E3D9DC2C10A881006C66B4 /* Build configuration list for PBXProject "Voluntr" */ = {
			isa = XCConfigurationList;
			buildConfigurations = (
				80E3DA032C10A884006C66B4 /* Debug */,
				80E3DA042C10A884006C66B4 /* Release */,
			);
			defaultConfigurationIsVisible = 0;
			defaultConfigurationName = Release;
		};
		80E3DA052C10A884006C66B4 /* Build configuration list for PBXNativeTarget "Voluntr" */ = {
			isa = XCConfigurationList;
			buildConfigurations = (
				80E3DA062C10A884006C66B4 /* Debug */,
				80E3DA072C10A884006C66B4 /* Release */,
			);
			defaultConfigurationIsVisible = 0;
			defaultConfigurationName = Release;
		};
		80E3DA082C10A884006C66B4 /* Build configuration list for PBXNativeTarget "VoluntrTests" */ = {
			isa = XCConfigurationList;
			buildConfigurations = (
				80E3DA092C10A884006C66B4 /* Debug */,
				80E3DA0A2C10A884006C66B4 /* Release */,
			);
			defaultConfigurationIsVisible = 0;
			defaultConfigurationName = Release;
		};
		80E3DA0B2C10A884006C66B4 /* Build configuration list for PBXNativeTarget "VoluntrUITests" */ = {
			isa = XCConfigurationList;
			buildConfigurations = (
				80E3DA0C2C10A884006C66B4 /* Debug */,
				80E3DA0D2C10A884006C66B4 /* Release */,
			);
			defaultConfigurationIsVisible = 0;
			defaultConfigurationName = Release;
		};
/* End XCConfigurationList section */

/* Begin XCRemoteSwiftPackageReference section */
		8021423A2C15A0BC00BC34F8 /* XCRemoteSwiftPackageReference "Kingfisher" */ = {
			isa = XCRemoteSwiftPackageReference;
			repositoryURL = "https://github.com/onevcat/Kingfisher";
			requirement = {
				kind = upToNextMajorVersion;
				minimumVersion = 7.11.0;
			};
		};
		80E3DA122C10A9EC006C66B4 /* XCRemoteSwiftPackageReference "firebase-ios-sdk" */ = {
			isa = XCRemoteSwiftPackageReference;
			repositoryURL = "https://github.com/firebase/firebase-ios-sdk";
			requirement = {
				kind = upToNextMajorVersion;
				minimumVersion = 10.27.0;
			};
		};
		C8ACE6462CECA4380088D85C /* XCRemoteSwiftPackageReference "swift-algorithms" */ = {
			isa = XCRemoteSwiftPackageReference;
			repositoryURL = "https://github.com/apple/swift-algorithms.git";
			requirement = {
				kind = upToNextMajorVersion;
				minimumVersion = 1.2.0;
			};
		};
		C8ACE6472CED0DD90088D85C /* XCRemoteSwiftPackageReference "supabase-swift" */ = {
			isa = XCRemoteSwiftPackageReference;
			repositoryURL = "https://github.com/supabase/supabase-swift.git";
			requirement = {
				kind = upToNextMajorVersion;
				minimumVersion = 2.5.1;
			};
		};
/* End XCRemoteSwiftPackageReference section */

/* Begin XCSwiftPackageProductDependency section */
		8021423B2C15A0BC00BC34F8 /* Kingfisher */ = {
			isa = XCSwiftPackageProductDependency;
			package = 8021423A2C15A0BC00BC34F8 /* XCRemoteSwiftPackageReference "Kingfisher" */;
			productName = Kingfisher;
		};
		80E3DA132C10A9EC006C66B4 /* FirebaseAuth */ = {
			isa = XCSwiftPackageProductDependency;
			package = 80E3DA122C10A9EC006C66B4 /* XCRemoteSwiftPackageReference "firebase-ios-sdk" */;
			productName = FirebaseAuth;
		};
		80E3DA152C10A9EC006C66B4 /* FirebaseFirestore */ = {
			isa = XCSwiftPackageProductDependency;
			package = 80E3DA122C10A9EC006C66B4 /* XCRemoteSwiftPackageReference "firebase-ios-sdk" */;
			productName = FirebaseFirestore;
		};
		80E3DA172C10A9EC006C66B4 /* FirebaseStorage */ = {
			isa = XCSwiftPackageProductDependency;
			package = 80E3DA122C10A9EC006C66B4 /* XCRemoteSwiftPackageReference "firebase-ios-sdk" */;
			productName = FirebaseStorage;
		};
		C8ACE6482CED0DD90088D85C /* Storage */ = {
			isa = XCSwiftPackageProductDependency;
			package = C8ACE6472CED0DD90088D85C /* XCRemoteSwiftPackageReference "supabase-swift" */;
			productName = Storage;
		};
/* End XCSwiftPackageProductDependency section */
	};
	rootObject = 80E3D9D92C10A881006C66B4 /* Project object */;
}
